// !$*UTF8*$!
{
	archiveVersion = 1;
	classes = {
	};
	objectVersion = 55;
	objects = {

/* Begin PBXBuildFile section */
		1B5088BB2A5E772400C65802 /* productTestApp.swift in Sources */ = {isa = PBXBuildFile; fileRef = 1B5088BA2A5E772400C65802 /* productTestApp.swift */; };
		1B5088BD2A5E772400C65802 /* ContentView.swift in Sources */ = {isa = PBXBuildFile; fileRef = 1B5088BC2A5E772400C65802 /* ContentView.swift */; };
		1B5088BF2A5E772800C65802 /* Assets.xcassets in Resources */ = {isa = PBXBuildFile; fileRef = 1B5088BE2A5E772800C65802 /* Assets.xcassets */; };
		1B5088C22A5E772800C65802 /* Preview Assets.xcassets in Resources */ = {isa = PBXBuildFile; fileRef = 1B5088C12A5E772800C65802 /* Preview Assets.xcassets */; };
		1B5088C92A648A4400C65802 /* SignUpView.swift in Sources */ = {isa = PBXBuildFile; fileRef = 1B5088C82A648A4400C65802 /* SignUpView.swift */; };
		1B5088CB2A648C0100C65802 /* HomePageView.swift in Sources */ = {isa = PBXBuildFile; fileRef = 1B5088CA2A648C0100C65802 /* HomePageView.swift */; };
		1BB45A3D2A74912B0075C00E /* GoogleService-Info.plist in Resources */ = {isa = PBXBuildFile; fileRef = 1BB45A3C2A74912B0075C00E /* GoogleService-Info.plist */; };
		1BB45A402A74944E0075C00E /* FirebaseAuth in Frameworks */ = {isa = PBXBuildFile; productRef = 1BB45A3F2A74944E0075C00E /* FirebaseAuth */; };
		1BB45A422A74944E0075C00E /* FirebaseFirestore in Frameworks */ = {isa = PBXBuildFile; productRef = 1BB45A412A74944E0075C00E /* FirebaseFirestore */; };
		1BB45A442A74944E0075C00E /* FirebaseFirestoreSwift in Frameworks */ = {isa = PBXBuildFile; productRef = 1BB45A432A74944E0075C00E /* FirebaseFirestoreSwift */; };
		1BB45A462A74944E0075C00E /* FirebaseStorage in Frameworks */ = {isa = PBXBuildFile; productRef = 1BB45A452A74944E0075C00E /* FirebaseStorage */; };
		1BB45A4C2A7497B50075C00E /* AuthService.swift in Sources */ = {isa = PBXBuildFile; fileRef = 1BB45A4B2A7497B50075C00E /* AuthService.swift */; };
		1BB45A4F2A7499CF0075C00E /* LoginView.swift in Sources */ = {isa = PBXBuildFile; fileRef = 1BB45A4E2A7499CF0075C00E /* LoginView.swift */; };
		1BB45A532A749A3C0075C00E /* ContentViewModel.swift in Sources */ = {isa = PBXBuildFile; fileRef = 1BB45A522A749A3C0075C00E /* ContentViewModel.swift */; };
		1BB45A562A749FD20075C00E /* RegistrationViewModel.swift in Sources */ = {isa = PBXBuildFile; fileRef = 1BB45A552A749FD20075C00E /* RegistrationViewModel.swift */; };
		1BB45A582A75A9F30075C00E /* LoginViewModel.swift in Sources */ = {isa = PBXBuildFile; fileRef = 1BB45A572A75A9F30075C00E /* LoginViewModel.swift */; };
		1BB45A5B2A75ADBA0075C00E /* User.swift in Sources */ = {isa = PBXBuildFile; fileRef = 1BB45A5A2A75ADBA0075C00E /* User.swift */; };
		1BB45A5E2A762AEF0075C00E /* UserService.swift in Sources */ = {isa = PBXBuildFile; fileRef = 1BB45A5D2A762AEF0075C00E /* UserService.swift */; };
		1BB45A632A762BBE0075C00E /* SearchViewModel.swift in Sources */ = {isa = PBXBuildFile; fileRef = 1BB45A622A762BBE0075C00E /* SearchViewModel.swift */; };
		1BD47FCC2A6BAA14008AF01C /* SettingsView.swift in Sources */ = {isa = PBXBuildFile; fileRef = 1BD47FCB2A6BAA14008AF01C /* SettingsView.swift */; };
		1BD47FCE2A6BB00C008AF01C /* EditSettingsView.swift in Sources */ = {isa = PBXBuildFile; fileRef = 1BD47FCD2A6BB00C008AF01C /* EditSettingsView.swift */; };
		1BD47FD02A6BB581008AF01C /* FriendsPageView.swift in Sources */ = {isa = PBXBuildFile; fileRef = 1BD47FCF2A6BB581008AF01C /* FriendsPageView.swift */; };
		1BD6B53C2A6DEF9F00A6C3AF /* SeparateUserView.swift in Sources */ = {isa = PBXBuildFile; fileRef = 1BD6B53B2A6DEF9F00A6C3AF /* SeparateUserView.swift */; };
		1BFA98D12A6611EF00EE1583 /* TimerView.swift in Sources */ = {isa = PBXBuildFile; fileRef = 1BFA98D02A6611EF00EE1583 /* TimerView.swift */; };
		1BFA98D32A661FFA00EE1583 /* UserAccountView.swift in Sources */ = {isa = PBXBuildFile; fileRef = 1BFA98D22A661FFA00EE1583 /* UserAccountView.swift */; };
/* End PBXBuildFile section */

/* Begin PBXFileReference section */
		1B5088B72A5E772400C65802 /* productTest.app */ = {isa = PBXFileReference; explicitFileType = wrapper.application; includeInIndex = 0; path = productTest.app; sourceTree = BUILT_PRODUCTS_DIR; };
		1B5088BA2A5E772400C65802 /* productTestApp.swift */ = {isa = PBXFileReference; lastKnownFileType = sourcecode.swift; path = productTestApp.swift; sourceTree = "<group>"; };
		1B5088BC2A5E772400C65802 /* ContentView.swift */ = {isa = PBXFileReference; lastKnownFileType = sourcecode.swift; path = ContentView.swift; sourceTree = "<group>"; };
		1B5088BE2A5E772800C65802 /* Assets.xcassets */ = {isa = PBXFileReference; lastKnownFileType = folder.assetcatalog; path = Assets.xcassets; sourceTree = "<group>"; };
		1B5088C12A5E772800C65802 /* Preview Assets.xcassets */ = {isa = PBXFileReference; lastKnownFileType = folder.assetcatalog; path = "Preview Assets.xcassets"; sourceTree = "<group>"; };
		1B5088C82A648A4400C65802 /* SignUpView.swift */ = {isa = PBXFileReference; lastKnownFileType = sourcecode.swift; path = SignUpView.swift; sourceTree = "<group>"; };
		1B5088CA2A648C0100C65802 /* HomePageView.swift */ = {isa = PBXFileReference; lastKnownFileType = sourcecode.swift; path = HomePageView.swift; sourceTree = "<group>"; };
		1BB45A3C2A74912B0075C00E /* GoogleService-Info.plist */ = {isa = PBXFileReference; fileEncoding = 4; lastKnownFileType = text.plist.xml; path = "GoogleService-Info.plist"; sourceTree = "<group>"; };
		1BB45A4B2A7497B50075C00E /* AuthService.swift */ = {isa = PBXFileReference; lastKnownFileType = sourcecode.swift; path = AuthService.swift; sourceTree = "<group>"; };
		1BB45A4E2A7499CF0075C00E /* LoginView.swift */ = {isa = PBXFileReference; lastKnownFileType = sourcecode.swift; path = LoginView.swift; sourceTree = "<group>"; };
		1BB45A522A749A3C0075C00E /* ContentViewModel.swift */ = {isa = PBXFileReference; lastKnownFileType = sourcecode.swift; path = ContentViewModel.swift; sourceTree = "<group>"; };
		1BB45A552A749FD20075C00E /* RegistrationViewModel.swift */ = {isa = PBXFileReference; lastKnownFileType = sourcecode.swift; path = RegistrationViewModel.swift; sourceTree = "<group>"; };
		1BB45A572A75A9F30075C00E /* LoginViewModel.swift */ = {isa = PBXFileReference; lastKnownFileType = sourcecode.swift; path = LoginViewModel.swift; sourceTree = "<group>"; };
		1BB45A5A2A75ADBA0075C00E /* User.swift */ = {isa = PBXFileReference; lastKnownFileType = sourcecode.swift; path = User.swift; sourceTree = "<group>"; };
		1BB45A5D2A762AEF0075C00E /* UserService.swift */ = {isa = PBXFileReference; lastKnownFileType = sourcecode.swift; path = UserService.swift; sourceTree = "<group>"; };
		1BB45A622A762BBE0075C00E /* SearchViewModel.swift */ = {isa = PBXFileReference; lastKnownFileType = sourcecode.swift; path = SearchViewModel.swift; sourceTree = "<group>"; };
		1BD47FCB2A6BAA14008AF01C /* SettingsView.swift */ = {isa = PBXFileReference; lastKnownFileType = sourcecode.swift; path = SettingsView.swift; sourceTree = "<group>"; };
		1BD47FCD2A6BB00C008AF01C /* EditSettingsView.swift */ = {isa = PBXFileReference; lastKnownFileType = sourcecode.swift; path = EditSettingsView.swift; sourceTree = "<group>"; };
		1BD47FCF2A6BB581008AF01C /* FriendsPageView.swift */ = {isa = PBXFileReference; lastKnownFileType = sourcecode.swift; path = FriendsPageView.swift; sourceTree = "<group>"; };
		1BD6B53B2A6DEF9F00A6C3AF /* SeparateUserView.swift */ = {isa = PBXFileReference; lastKnownFileType = sourcecode.swift; path = SeparateUserView.swift; sourceTree = "<group>"; };
		1BFA98D02A6611EF00EE1583 /* TimerView.swift */ = {isa = PBXFileReference; lastKnownFileType = sourcecode.swift; path = TimerView.swift; sourceTree = "<group>"; };
		1BFA98D22A661FFA00EE1583 /* UserAccountView.swift */ = {isa = PBXFileReference; lastKnownFileType = sourcecode.swift; path = UserAccountView.swift; sourceTree = "<group>"; };
/* End PBXFileReference section */

/* Begin PBXFrameworksBuildPhase section */
		1B5088B42A5E772400C65802 /* Frameworks */ = {
			isa = PBXFrameworksBuildPhase;
			buildActionMask = 2147483647;
			files = (
				1BB45A402A74944E0075C00E /* FirebaseAuth in Frameworks */,
				1BB45A462A74944E0075C00E /* FirebaseStorage in Frameworks */,
				1BB45A422A74944E0075C00E /* FirebaseFirestore in Frameworks */,
				1BB45A442A74944E0075C00E /* FirebaseFirestoreSwift in Frameworks */,
			);
			runOnlyForDeploymentPostprocessing = 0;
		};
/* End PBXFrameworksBuildPhase section */

/* Begin PBXGroup section */
		1B5088AE2A5E772300C65802 = {
			isa = PBXGroup;
			children = (
				1B5088B92A5E772400C65802 /* productTest */,
				1B5088B82A5E772400C65802 /* Products */,
			);
			sourceTree = "<group>";
		};
		1B5088B82A5E772400C65802 /* Products */ = {
			isa = PBXGroup;
			children = (
				1B5088B72A5E772400C65802 /* productTest.app */,
			);
			name = Products;
			sourceTree = "<group>";
		};
		1B5088B92A5E772400C65802 /* productTest */ = {
			isa = PBXGroup;
			children = (
				1BB45A592A75ADAD0075C00E /* Model */,
				1BB45A4D2A7499B70075C00E /* Root */,
				1BB45A472A7496E40075C00E /* App */,
				1BB45A482A7496F90075C00E /* Authentication */,
				1BB45A5C2A762AD40075C00E /* Service */,
				1BB45A5F2A762B7E0075C00E /* FriendsPage */,
				1B5088CA2A648C0100C65802 /* HomePageView.swift */,
				1BFA98D02A6611EF00EE1583 /* TimerView.swift */,
				1BFA98D22A661FFA00EE1583 /* UserAccountView.swift */,
				1BD47FCB2A6BAA14008AF01C /* SettingsView.swift */,
				1BD47FCD2A6BB00C008AF01C /* EditSettingsView.swift */,
				1BB45A3C2A74912B0075C00E /* GoogleService-Info.plist */,
				1B5088BE2A5E772800C65802 /* Assets.xcassets */,
				1B5088C02A5E772800C65802 /* Preview Content */,
			);
			path = productTest;
			sourceTree = "<group>";
		};
		1B5088C02A5E772800C65802 /* Preview Content */ = {
			isa = PBXGroup;
			children = (
				1B5088C12A5E772800C65802 /* Preview Assets.xcassets */,
			);
			path = "Preview Content";
			sourceTree = "<group>";
		};
		1BB45A472A7496E40075C00E /* App */ = {
			isa = PBXGroup;
			children = (
				1B5088BA2A5E772400C65802 /* productTestApp.swift */,
			);
			path = App;
			sourceTree = "<group>";
		};
		1BB45A482A7496F90075C00E /* Authentication */ = {
			isa = PBXGroup;
			children = (
				1BB45A492A7497690075C00E /* Views */,
				1BB45A542A749EF10075C00E /* ViewModel */,
				1BB45A4A2A7497770075C00E /* Service */,
			);
			path = Authentication;
			sourceTree = "<group>";
		};
		1BB45A492A7497690075C00E /* Views */ = {
			isa = PBXGroup;
			children = (
				1B5088C82A648A4400C65802 /* SignUpView.swift */,
				1BB45A4E2A7499CF0075C00E /* LoginView.swift */,
			);
			path = Views;
			sourceTree = "<group>";
		};
		1BB45A4A2A7497770075C00E /* Service */ = {
			isa = PBXGroup;
			children = (
				1BB45A4B2A7497B50075C00E /* AuthService.swift */,
			);
			path = Service;
			sourceTree = "<group>";
		};
		1BB45A4D2A7499B70075C00E /* Root */ = {
			isa = PBXGroup;
			children = (
				1BB45A512A749A1C0075C00E /* ViewModel */,
				1BB45A502A749A140075C00E /* View */,
			);
			path = Root;
			sourceTree = "<group>";
		};
		1BB45A502A749A140075C00E /* View */ = {
			isa = PBXGroup;
			children = (
				1B5088BC2A5E772400C65802 /* ContentView.swift */,
			);
			path = View;
			sourceTree = "<group>";
		};
		1BB45A512A749A1C0075C00E /* ViewModel */ = {
			isa = PBXGroup;
			children = (
				1BB45A522A749A3C0075C00E /* ContentViewModel.swift */,
			);
			path = ViewModel;
			sourceTree = "<group>";
		};
		1BB45A542A749EF10075C00E /* ViewModel */ = {
			isa = PBXGroup;
			children = (
				1BB45A552A749FD20075C00E /* RegistrationViewModel.swift */,
				1BB45A572A75A9F30075C00E /* LoginViewModel.swift */,
			);
			path = ViewModel;
			sourceTree = "<group>";
		};
		1BB45A592A75ADAD0075C00E /* Model */ = {
			isa = PBXGroup;
			children = (
				1BB45A5A2A75ADBA0075C00E /* User.swift */,
			);
			path = Model;
			sourceTree = "<group>";
		};
		1BB45A5C2A762AD40075C00E /* Service */ = {
			isa = PBXGroup;
			children = (
				1BB45A5D2A762AEF0075C00E /* UserService.swift */,
			);
			path = Service;
			sourceTree = "<group>";
		};
		1BB45A5F2A762B7E0075C00E /* FriendsPage */ = {
			isa = PBXGroup;
			children = (
				1BB45A602A762B8C0075C00E /* View */,
				1BB45A612A762B930075C00E /* ViewModel */,
			);
			path = FriendsPage;
			sourceTree = "<group>";
		};
		1BB45A602A762B8C0075C00E /* View */ = {
			isa = PBXGroup;
			children = (
				1BD47FCF2A6BB581008AF01C /* FriendsPageView.swift */,
				1BD6B53B2A6DEF9F00A6C3AF /* SeparateUserView.swift */,
			);
			path = View;
			sourceTree = "<group>";
		};
		1BB45A612A762B930075C00E /* ViewModel */ = {
			isa = PBXGroup;
			children = (
				1BB45A622A762BBE0075C00E /* SearchViewModel.swift */,
			);
			path = ViewModel;
			sourceTree = "<group>";
		};
/* End PBXGroup section */

/* Begin PBXNativeTarget section */
		1B5088B62A5E772400C65802 /* productTest */ = {
			isa = PBXNativeTarget;
			buildConfigurationList = 1B5088C52A5E772800C65802 /* Build configuration list for PBXNativeTarget "productTest" */;
			buildPhases = (
				1B5088B32A5E772400C65802 /* Sources */,
				1B5088B42A5E772400C65802 /* Frameworks */,
				1B5088B52A5E772400C65802 /* Resources */,
			);
			buildRules = (
			);
			dependencies = (
			);
			name = productTest;
			packageProductDependencies = (
				1BB45A3F2A74944E0075C00E /* FirebaseAuth */,
				1BB45A412A74944E0075C00E /* FirebaseFirestore */,
				1BB45A432A74944E0075C00E /* FirebaseFirestoreSwift */,
				1BB45A452A74944E0075C00E /* FirebaseStorage */,
			);
			productName = productTest;
			productReference = 1B5088B72A5E772400C65802 /* productTest.app */;
			productType = "com.apple.product-type.application";
		};
/* End PBXNativeTarget section */

/* Begin PBXProject section */
		1B5088AF2A5E772300C65802 /* Project object */ = {
			isa = PBXProject;
			attributes = {
				BuildIndependentTargetsInParallel = 1;
				LastSwiftUpdateCheck = 1340;
				LastUpgradeCheck = 1340;
				TargetAttributes = {
					1B5088B62A5E772400C65802 = {
						CreatedOnToolsVersion = 13.4.1;
					};
				};
			};
			buildConfigurationList = 1B5088B22A5E772300C65802 /* Build configuration list for PBXProject "productTest" */;
			compatibilityVersion = "Xcode 13.0";
			developmentRegion = en;
			hasScannedForEncodings = 0;
			knownRegions = (
				en,
				Base,
			);
			mainGroup = 1B5088AE2A5E772300C65802;
			packageReferences = (
				1BB45A3E2A74944E0075C00E /* XCRemoteSwiftPackageReference "firebase-ios-sdk" */,
			);
			productRefGroup = 1B5088B82A5E772400C65802 /* Products */;
			projectDirPath = "";
			projectRoot = "";
			targets = (
				1B5088B62A5E772400C65802 /* productTest */,
			);
		};
/* End PBXProject section */

/* Begin PBXResourcesBuildPhase section */
		1B5088B52A5E772400C65802 /* Resources */ = {
			isa = PBXResourcesBuildPhase;
			buildActionMask = 2147483647;
			files = (
				1B5088C22A5E772800C65802 /* Preview Assets.xcassets in Resources */,
				1B5088BF2A5E772800C65802 /* Assets.xcassets in Resources */,
				1BB45A3D2A74912B0075C00E /* GoogleService-Info.plist in Resources */,
			);
			runOnlyForDeploymentPostprocessing = 0;
		};
/* End PBXResourcesBuildPhase section */

/* Begin PBXSourcesBuildPhase section */
		1B5088B32A5E772400C65802 /* Sources */ = {
			isa = PBXSourcesBuildPhase;
			buildActionMask = 2147483647;
			files = (
				1BD47FCC2A6BAA14008AF01C /* SettingsView.swift in Sources */,
				1BB45A532A749A3C0075C00E /* ContentViewModel.swift in Sources */,
				1BFA98D12A6611EF00EE1583 /* TimerView.swift in Sources */,
				1BB45A562A749FD20075C00E /* RegistrationViewModel.swift in Sources */,
				1BB45A5B2A75ADBA0075C00E /* User.swift in Sources */,
				1B5088BD2A5E772400C65802 /* ContentView.swift in Sources */,
				1BB45A632A762BBE0075C00E /* SearchViewModel.swift in Sources */,
				1BB45A5E2A762AEF0075C00E /* UserService.swift in Sources */,
				1BD47FD02A6BB581008AF01C /* FriendsPageView.swift in Sources */,
				1BD47FCE2A6BB00C008AF01C /* EditSettingsView.swift in Sources */,
				1BB45A4C2A7497B50075C00E /* AuthService.swift in Sources */,
				1BB45A582A75A9F30075C00E /* LoginViewModel.swift in Sources */,
				1BB45A4F2A7499CF0075C00E /* LoginView.swift in Sources */,
				1B5088C92A648A4400C65802 /* SignUpView.swift in Sources */,
				1BFA98D32A661FFA00EE1583 /* UserAccountView.swift in Sources */,
				1B5088CB2A648C0100C65802 /* HomePageView.swift in Sources */,
				1BD6B53C2A6DEF9F00A6C3AF /* SeparateUserView.swift in Sources */,
				1B5088BB2A5E772400C65802 /* productTestApp.swift in Sources */,
			);
			runOnlyForDeploymentPostprocessing = 0;
		};
/* End PBXSourcesBuildPhase section */

/* Begin XCBuildConfiguration section */
		1B5088C32A5E772800C65802 /* Debug */ = {
			isa = XCBuildConfiguration;
			buildSettings = {
				ALWAYS_SEARCH_USER_PATHS = NO;
				CLANG_ANALYZER_NONNULL = YES;
				CLANG_ANALYZER_NUMBER_OBJECT_CONVERSION = YES_AGGRESSIVE;
				CLANG_CXX_LANGUAGE_STANDARD = "gnu++17";
				CLANG_ENABLE_MODULES = YES;
				CLANG_ENABLE_OBJC_ARC = YES;
				CLANG_ENABLE_OBJC_WEAK = YES;
				CLANG_WARN_BLOCK_CAPTURE_AUTORELEASING = YES;
				CLANG_WARN_BOOL_CONVERSION = YES;
				CLANG_WARN_COMMA = YES;
				CLANG_WARN_CONSTANT_CONVERSION = YES;
				CLANG_WARN_DEPRECATED_OBJC_IMPLEMENTATIONS = YES;
				CLANG_WARN_DIRECT_OBJC_ISA_USAGE = YES_ERROR;
				CLANG_WARN_DOCUMENTATION_COMMENTS = YES;
				CLANG_WARN_EMPTY_BODY = YES;
				CLANG_WARN_ENUM_CONVERSION = YES;
				CLANG_WARN_INFINITE_RECURSION = YES;
				CLANG_WARN_INT_CONVERSION = YES;
				CLANG_WARN_NON_LITERAL_NULL_CONVERSION = YES;
				CLANG_WARN_OBJC_IMPLICIT_RETAIN_SELF = YES;
				CLANG_WARN_OBJC_LITERAL_CONVERSION = YES;
				CLANG_WARN_OBJC_ROOT_CLASS = YES_ERROR;
				CLANG_WARN_QUOTED_INCLUDE_IN_FRAMEWORK_HEADER = YES;
				CLANG_WARN_RANGE_LOOP_ANALYSIS = YES;
				CLANG_WARN_STRICT_PROTOTYPES = YES;
				CLANG_WARN_SUSPICIOUS_MOVE = YES;
				CLANG_WARN_UNGUARDED_AVAILABILITY = YES_AGGRESSIVE;
				CLANG_WARN_UNREACHABLE_CODE = YES;
				CLANG_WARN__DUPLICATE_METHOD_MATCH = YES;
				COPY_PHASE_STRIP = NO;
				DEBUG_INFORMATION_FORMAT = dwarf;
				ENABLE_STRICT_OBJC_MSGSEND = YES;
				ENABLE_TESTABILITY = YES;
				GCC_C_LANGUAGE_STANDARD = gnu11;
				GCC_DYNAMIC_NO_PIC = NO;
				GCC_NO_COMMON_BLOCKS = YES;
				GCC_OPTIMIZATION_LEVEL = 0;
				GCC_PREPROCESSOR_DEFINITIONS = (
					"DEBUG=1",
					"$(inherited)",
				);
				GCC_WARN_64_TO_32_BIT_CONVERSION = YES;
				GCC_WARN_ABOUT_RETURN_TYPE = YES_ERROR;
				GCC_WARN_UNDECLARED_SELECTOR = YES;
				GCC_WARN_UNINITIALIZED_AUTOS = YES_AGGRESSIVE;
				GCC_WARN_UNUSED_FUNCTION = YES;
				GCC_WARN_UNUSED_VARIABLE = YES;
				IPHONEOS_DEPLOYMENT_TARGET = 15.5;
				MTL_ENABLE_DEBUG_INFO = INCLUDE_SOURCE;
				MTL_FAST_MATH = YES;
				ONLY_ACTIVE_ARCH = YES;
				SDKROOT = iphoneos;
				SWIFT_ACTIVE_COMPILATION_CONDITIONS = DEBUG;
				SWIFT_OPTIMIZATION_LEVEL = "-Onone";
			};
			name = Debug;
		};
		1B5088C42A5E772800C65802 /* Release */ = {
			isa = XCBuildConfiguration;
			buildSettings = {
				ALWAYS_SEARCH_USER_PATHS = NO;
				CLANG_ANALYZER_NONNULL = YES;
				CLANG_ANALYZER_NUMBER_OBJECT_CONVERSION = YES_AGGRESSIVE;
				CLANG_CXX_LANGUAGE_STANDARD = "gnu++17";
				CLANG_ENABLE_MODULES = YES;
				CLANG_ENABLE_OBJC_ARC = YES;
				CLANG_ENABLE_OBJC_WEAK = YES;
				CLANG_WARN_BLOCK_CAPTURE_AUTORELEASING = YES;
				CLANG_WARN_BOOL_CONVERSION = YES;
				CLANG_WARN_COMMA = YES;
				CLANG_WARN_CONSTANT_CONVERSION = YES;
				CLANG_WARN_DEPRECATED_OBJC_IMPLEMENTATIONS = YES;
				CLANG_WARN_DIRECT_OBJC_ISA_USAGE = YES_ERROR;
				CLANG_WARN_DOCUMENTATION_COMMENTS = YES;
				CLANG_WARN_EMPTY_BODY = YES;
				CLANG_WARN_ENUM_CONVERSION = YES;
				CLANG_WARN_INFINITE_RECURSION = YES;
				CLANG_WARN_INT_CONVERSION = YES;
				CLANG_WARN_NON_LITERAL_NULL_CONVERSION = YES;
				CLANG_WARN_OBJC_IMPLICIT_RETAIN_SELF = YES;
				CLANG_WARN_OBJC_LITERAL_CONVERSION = YES;
				CLANG_WARN_OBJC_ROOT_CLASS = YES_ERROR;
				CLANG_WARN_QUOTED_INCLUDE_IN_FRAMEWORK_HEADER = YES;
				CLANG_WARN_RANGE_LOOP_ANALYSIS = YES;
				CLANG_WARN_STRICT_PROTOTYPES = YES;
				CLANG_WARN_SUSPICIOUS_MOVE = YES;
				CLANG_WARN_UNGUARDED_AVAILABILITY = YES_AGGRESSIVE;
				CLANG_WARN_UNREACHABLE_CODE = YES;
				CLANG_WARN__DUPLICATE_METHOD_MATCH = YES;
				COPY_PHASE_STRIP = NO;
				DEBUG_INFORMATION_FORMAT = "dwarf-with-dsym";
				ENABLE_NS_ASSERTIONS = NO;
				ENABLE_STRICT_OBJC_MSGSEND = YES;
				GCC_C_LANGUAGE_STANDARD = gnu11;
				GCC_NO_COMMON_BLOCKS = YES;
				GCC_WARN_64_TO_32_BIT_CONVERSION = YES;
				GCC_WARN_ABOUT_RETURN_TYPE = YES_ERROR;
				GCC_WARN_UNDECLARED_SELECTOR = YES;
				GCC_WARN_UNINITIALIZED_AUTOS = YES_AGGRESSIVE;
				GCC_WARN_UNUSED_FUNCTION = YES;
				GCC_WARN_UNUSED_VARIABLE = YES;
				IPHONEOS_DEPLOYMENT_TARGET = 15.5;
				MTL_ENABLE_DEBUG_INFO = NO;
				MTL_FAST_MATH = YES;
				SDKROOT = iphoneos;
				SWIFT_COMPILATION_MODE = wholemodule;
				SWIFT_OPTIMIZATION_LEVEL = "-O";
				VALIDATE_PRODUCT = YES;
			};
			name = Release;
		};
		1B5088C62A5E772800C65802 /* Debug */ = {
			isa = XCBuildConfiguration;
			buildSettings = {
				ASSETCATALOG_COMPILER_APPICON_NAME = AppIcon;
				ASSETCATALOG_COMPILER_GLOBAL_ACCENT_COLOR_NAME = AccentColor;
				CODE_SIGN_STYLE = Automatic;
				CURRENT_PROJECT_VERSION = 1;
				DEVELOPMENT_ASSET_PATHS = "\"productTest/Preview Content\"";
				ENABLE_PREVIEWS = YES;
				GENERATE_INFOPLIST_FILE = YES;
				INFOPLIST_KEY_UIApplicationSceneManifest_Generation = YES;
				INFOPLIST_KEY_UIApplicationSupportsIndirectInputEvents = YES;
				INFOPLIST_KEY_UILaunchScreen_Generation = YES;
				INFOPLIST_KEY_UISupportedInterfaceOrientations_iPad = "UIInterfaceOrientationPortrait UIInterfaceOrientationPortraitUpsideDown UIInterfaceOrientationLandscapeLeft UIInterfaceOrientationLandscapeRight";
				INFOPLIST_KEY_UISupportedInterfaceOrientations_iPhone = "UIInterfaceOrientationPortrait UIInterfaceOrientationLandscapeLeft UIInterfaceOrientationLandscapeRight";
				LD_RUNPATH_SEARCH_PATHS = (
					"$(inherited)",
					"@executable_path/Frameworks",
				);
				MARKETING_VERSION = 1.0;
				PRODUCT_BUNDLE_IDENTIFIER = com.yutay.productTest;
				PRODUCT_NAME = "$(TARGET_NAME)";
				SWIFT_EMIT_LOC_STRINGS = YES;
				SWIFT_VERSION = 5.0;
				TARGETED_DEVICE_FAMILY = "1,2";
			};
			name = Debug;
		};
		1B5088C72A5E772800C65802 /* Release */ = {
			isa = XCBuildConfiguration;
			buildSettings = {
				ASSETCATALOG_COMPILER_APPICON_NAME = AppIcon;
				ASSETCATALOG_COMPILER_GLOBAL_ACCENT_COLOR_NAME = AccentColor;
				CODE_SIGN_STYLE = Automatic;
				CURRENT_PROJECT_VERSION = 1;
				DEVELOPMENT_ASSET_PATHS = "\"productTest/Preview Content\"";
				ENABLE_PREVIEWS = YES;
				GENERATE_INFOPLIST_FILE = YES;
				INFOPLIST_KEY_UIApplicationSceneManifest_Generation = YES;
				INFOPLIST_KEY_UIApplicationSupportsIndirectInputEvents = YES;
				INFOPLIST_KEY_UILaunchScreen_Generation = YES;
				INFOPLIST_KEY_UISupportedInterfaceOrientations_iPad = "UIInterfaceOrientationPortrait UIInterfaceOrientationPortraitUpsideDown UIInterfaceOrientationLandscapeLeft UIInterfaceOrientationLandscapeRight";
				INFOPLIST_KEY_UISupportedInterfaceOrientations_iPhone = "UIInterfaceOrientationPortrait UIInterfaceOrientationLandscapeLeft UIInterfaceOrientationLandscapeRight";
				LD_RUNPATH_SEARCH_PATHS = (
					"$(inherited)",
					"@executable_path/Frameworks",
				);
				MARKETING_VERSION = 1.0;
				PRODUCT_BUNDLE_IDENTIFIER = com.yutay.productTest;
				PRODUCT_NAME = "$(TARGET_NAME)";
				SWIFT_EMIT_LOC_STRINGS = YES;
				SWIFT_VERSION = 5.0;
				TARGETED_DEVICE_FAMILY = "1,2";
			};
			name = Release;
		};
/* End XCBuildConfiguration section */

/* Begin XCConfigurationList section */
		1B5088B22A5E772300C65802 /* Build configuration list for PBXProject "productTest" */ = {
			isa = XCConfigurationList;
			buildConfigurations = (
				1B5088C32A5E772800C65802 /* Debug */,
				1B5088C42A5E772800C65802 /* Release */,
			);
			defaultConfigurationIsVisible = 0;
			defaultConfigurationName = Release;
		};
		1B5088C52A5E772800C65802 /* Build configuration list for PBXNativeTarget "productTest" */ = {
			isa = XCConfigurationList;
			buildConfigurations = (
				1B5088C62A5E772800C65802 /* Debug */,
				1B5088C72A5E772800C65802 /* Release */,
			);
			defaultConfigurationIsVisible = 0;
			defaultConfigurationName = Release;
		};
/* End XCConfigurationList section */

/* Begin XCRemoteSwiftPackageReference section */
		1BB45A3E2A74944E0075C00E /* XCRemoteSwiftPackageReference "firebase-ios-sdk" */ = {
			isa = XCRemoteSwiftPackageReference;
			repositoryURL = "https://github.com/firebase/firebase-ios-sdk";
			requirement = {
				kind = upToNextMajorVersion;
				minimumVersion = 10.0.0;
			};
		};
/* End XCRemoteSwiftPackageReference section */

/* Begin XCSwiftPackageProductDependency section */
		1BB45A3F2A74944E0075C00E /* FirebaseAuth */ = {
			isa = XCSwiftPackageProductDependency;
			package = 1BB45A3E2A74944E0075C00E /* XCRemoteSwiftPackageReference "firebase-ios-sdk" */;
			productName = FirebaseAuth;
		};
		1BB45A412A74944E0075C00E /* FirebaseFirestore */ = {
			isa = XCSwiftPackageProductDependency;
			package = 1BB45A3E2A74944E0075C00E /* XCRemoteSwiftPackageReference "firebase-ios-sdk" */;
			productName = FirebaseFirestore;
		};
		1BB45A432A74944E0075C00E /* FirebaseFirestoreSwift */ = {
			isa = XCSwiftPackageProductDependency;
			package = 1BB45A3E2A74944E0075C00E /* XCRemoteSwiftPackageReference "firebase-ios-sdk" */;
			productName = FirebaseFirestoreSwift;
		};
		1BB45A452A74944E0075C00E /* FirebaseStorage */ = {
			isa = XCSwiftPackageProductDependency;
			package = 1BB45A3E2A74944E0075C00E /* XCRemoteSwiftPackageReference "firebase-ios-sdk" */;
			productName = FirebaseStorage;
		};
/* End XCSwiftPackageProductDependency section */
	};
	rootObject = 1B5088AF2A5E772300C65802 /* Project object */;
}
